{
	"name": "@mr-hope/vuepress-plugin-screen-full",
	"version": "0.0.1-alpha.2",
	"lockfileVersion": 1,
	"requires": true,
	"dependencies": {
		"screenfull": {
			"version": "5.0.0",
			"resolved": "https://registry.npmjs.org/screenfull/-/screenfull-5.0.0.tgz",
			"integrity": "sha512-yShzhaIoE9OtOhWVyBBffA6V98CDCoyHTsp8228blmqYy1Z5bddzE/4FPiJKlr8DVR4VBiiUyfPzIQPIYDkeMA=="
		}
	}
}
